
Microsoft Visual Studio Solution File, Format Version 12.00
# Visual Studio Version 16
VisualStudioVersion = 16.0.30114.105
MinimumVisualStudioVersion = 10.0.40219.1
Project("{9A19103F-16F7-4668-BE54-9A1E7A4F7556}") = "OnSalePrep.Common", "OnSalePrep.Common\OnSalePrep.Common.csproj", "{15425108-BDCB-460D-9D06-F61D536394B7}"
EndProject
Project("{9A19103F-16F7-4668-BE54-9A1E7A4F7556}") = "OnSalePrep.Prism", "OnSalePrep.Prism\OnSalePrep.Prism\OnSalePrep.Prism.csproj", "{E0F1DC70-CA00-485D-9BF7-57DA72339B4D}"
EndProject
Project("{FAE04EC0-301F-11D3-BF4B-00C04F79EFBC}") = "OnSalePrep.Prism.Android", "OnSalePrep.Prism\OnSalePrep.Prism.Android\OnSalePrep.Prism.Android.csproj", "{E150C103-D9F3-44AB-BCB2-016F63E9B1EF}"
EndProject
Project("{FAE04EC0-301F-11D3-BF4B-00C04F79EFBC}") = "OnSalePrep.Prism.iOS", "OnSalePrep.Prism\OnSalePrep.Prism.iOS\OnSalePrep.Prism.iOS.csproj", "{BBE9E291-BAAB-4037-929D-A451CE5ED099}"
EndProject
Project("{9A19103F-16F7-4668-BE54-9A1E7A4F7556}") = "OnSalePrep.Web", "OnSalePrep.Web\OnSalePrep.Web.csproj", "{FA694916-0BCE-4762-8552-9F4059A8BE82}"
EndProject
Global
	GlobalSection(SolutionConfigurationPlatforms) = preSolution
		Ad-Hoc|Any CPU = Ad-Hoc|Any CPU
		Ad-Hoc|iPhone = Ad-Hoc|iPhone
		Ad-Hoc|iPhoneSimulator = Ad-Hoc|iPhoneSimulator
		AppStore|Any CPU = AppStore|Any CPU
		AppStore|iPhone = AppStore|iPhone
		AppStore|iPhoneSimulator = AppStore|iPhoneSimulator
		Debug|Any CPU = Debug|Any CPU
		Debug|iPhone = Debug|iPhone
		Debug|iPhoneSimulator = Debug|iPhoneSimulator
		Release|Any CPU = Release|Any CPU
		Release|iPhone = Release|iPhone
		Release|iPhoneSimulator = Release|iPhoneSimulator
	EndGlobalSection
	GlobalSection(ProjectConfigurationPlatforms) = postSolution
		{15425108-BDCB-460D-9D06-F61D536394B7}.Ad-Hoc|Any CPU.ActiveCfg = Release|Any CPU
		{15425108-BDCB-460D-9D06-F61D536394B7}.Ad-Hoc|Any CPU.Build.0 = Release|Any CPU
		{15425108-BDCB-460D-9D06-F61D536394B7}.Ad-Hoc|iPhone.ActiveCfg = Release|Any CPU
		{15425108-BDCB-460D-9D06-F61D536394B7}.Ad-Hoc|iPhone.Build.0 = Release|Any CPU
		{15425108-BDCB-460D-9D06-F61D536394B7}.Ad-Hoc|iPhoneSimulator.ActiveCfg = Release|Any CPU
		{15425108-BDCB-460D-9D06-F61D536394B7}.Ad-Hoc|iPhoneSimulator.Build.0 = Release|Any CPU
		{15425108-BDCB-460D-9D06-F61D536394B7}.AppStore|Any CPU.ActiveCfg = Release|Any CPU
		{15425108-BDCB-460D-9D06-F61D536394B7}.AppStore|Any CPU.Build.0 = Release|Any CPU
		{15425108-BDCB-460D-9D06-F61D536394B7}.AppStore|iPhone.ActiveCfg = Release|Any CPU
		{15425108-BDCB-460D-9D06-F61D536394B7}.AppStore|iPhone.Build.0 = Release|Any CPU
		{15425108-BDCB-460D-9D06-F61D536394B7}.AppStore|iPhoneSimulator.ActiveCfg = Release|Any CPU
		{15425108-BDCB-460D-9D06-F61D536394B7}.AppStore|iPhoneSimulator.Build.0 = Release|Any CPU
		{15425108-BDCB-460D-9D06-F61D536394B7}.Debug|Any CPU.ActiveCfg = Debug|Any CPU
		{15425108-BDCB-460D-9D06-F61D536394B7}.Debug|Any CPU.Build.0 = Debug|Any CPU
		{15425108-BDCB-460D-9D06-F61D536394B7}.Debug|iPhone.ActiveCfg = Debug|Any CPU
		{15425108-BDCB-460D-9D06-F61D536394B7}.Debug|iPhone.Build.0 = Debug|Any CPU
		{15425108-BDCB-460D-9D06-F61D536394B7}.Debug|iPhoneSimulator.ActiveCfg = Debug|Any CPU
		{15425108-BDCB-460D-9D06-F61D536394B7}.Debug|iPhoneSimulator.Build.0 = Debug|Any CPU
		{15425108-BDCB-460D-9D06-F61D536394B7}.Release|Any CPU.ActiveCfg = Release|Any CPU
		{15425108-BDCB-460D-9D06-F61D536394B7}.Release|Any CPU.Build.0 = Release|Any CPU
		{15425108-BDCB-460D-9D06-F61D536394B7}.Release|iPhone.ActiveCfg = Release|Any CPU
		{15425108-BDCB-460D-9D06-F61D536394B7}.Release|iPhone.Build.0 = Release|Any CPU
		{15425108-BDCB-460D-9D06-F61D536394B7}.Release|iPhoneSimulator.ActiveCfg = Release|Any CPU
		{15425108-BDCB-460D-9D06-F61D536394B7}.Release|iPhoneSimulator.Build.0 = Release|Any CPU
		{E0F1DC70-CA00-485D-9BF7-57DA72339B4D}.Ad-Hoc|Any CPU.ActiveCfg = Debug|Any CPU
		{E0F1DC70-CA00-485D-9BF7-57DA72339B4D}.Ad-Hoc|Any CPU.Build.0 = Debug|Any CPU
		{E0F1DC70-CA00-485D-9BF7-57DA72339B4D}.Ad-Hoc|iPhone.ActiveCfg = Debug|Any CPU
		{E0F1DC70-CA00-485D-9BF7-57DA72339B4D}.Ad-Hoc|iPhone.Build.0 = Debug|Any CPU
		{E0F1DC70-CA00-485D-9BF7-57DA72339B4D}.Ad-Hoc|iPhoneSimulator.ActiveCfg = Debug|Any CPU
		{E0F1DC70-CA00-485D-9BF7-57DA72339B4D}.Ad-Hoc|iPhoneSimulator.Build.0 = Debug|Any CPU
		{E0F1DC70-CA00-485D-9BF7-57DA72339B4D}.AppStore|Any CPU.ActiveCfg = Debug|Any CPU
		{E0F1DC70-CA00-485D-9BF7-57DA72339B4D}.AppStore|Any CPU.Build.0 = Debug|Any CPU
		{E0F1DC70-CA00-485D-9BF7-57DA72339B4D}.AppStore|iPhone.ActiveCfg = Debug|Any CPU
		{E0F1DC70-CA00-485D-9BF7-57DA72339B4D}.AppStore|iPhone.Build.0 = Debug|Any CPU
		{E0F1DC70-CA00-485D-9BF7-57DA72339B4D}.AppStore|iPhoneSimulator.ActiveCfg = Debug|Any CPU
		{E0F1DC70-CA00-485D-9BF7-57DA72339B4D}.AppStore|iPhoneSimulator.Build.0 = Debug|Any CPU
		{E0F1DC70-CA00-485D-9BF7-57DA72339B4D}.Debug|Any CPU.ActiveCfg = Debug|Any CPU
		{E0F1DC70-CA00-485D-9BF7-57DA72339B4D}.Debug|Any CPU.Build.0 = Debug|Any CPU
		{E0F1DC70-CA00-485D-9BF7-57DA72339B4D}.Debug|iPhone.ActiveCfg = Debug|Any CPU
		{E0F1DC70-CA00-485D-9BF7-57DA72339B4D}.Debug|iPhone.Build.0 = Debug|Any CPU
		{E0F1DC70-CA00-485D-9BF7-57DA72339B4D}.Debug|iPhoneSimulator.ActiveCfg = Debug|Any CPU
		{E0F1DC70-CA00-485D-9BF7-57DA72339B4D}.Debug|iPhoneSimulator.Build.0 = Debug|Any CPU
		{E0F1DC70-CA00-485D-9BF7-57DA72339B4D}.Release|Any CPU.ActiveCfg = Release|Any CPU
		{E0F1DC70-CA00-485D-9BF7-57DA72339B4D}.Release|Any CPU.Build.0 = Release|Any CPU
		{E0F1DC70-CA00-485D-9BF7-57DA72339B4D}.Release|iPhone.ActiveCfg = Release|Any CPU
		{E0F1DC70-CA00-485D-9BF7-57DA72339B4D}.Release|iPhone.Build.0 = Release|Any CPU
		{E0F1DC70-CA00-485D-9BF7-57DA72339B4D}.Release|iPhoneSimulator.ActiveCfg = Release|Any CPU
		{E0F1DC70-CA00-485D-9BF7-57DA72339B4D}.Release|iPhoneSimulator.Build.0 = Release|Any CPU
		{E150C103-D9F3-44AB-BCB2-016F63E9B1EF}.Ad-Hoc|Any CPU.ActiveCfg = Release|Any CPU
		{E150C103-D9F3-44AB-BCB2-016F63E9B1EF}.Ad-Hoc|Any CPU.Build.0 = Release|Any CPU
		{E150C103-D9F3-44AB-BCB2-016F63E9B1EF}.Ad-Hoc|Any CPU.Deploy.0 = Release|Any CPU
		{E150C103-D9F3-44AB-BCB2-016F63E9B1EF}.Ad-Hoc|iPhone.ActiveCfg = Release|Any CPU
		{E150C103-D9F3-44AB-BCB2-016F63E9B1EF}.Ad-Hoc|iPhone.Build.0 = Release|Any CPU
		{E150C103-D9F3-44AB-BCB2-016F63E9B1EF}.Ad-Hoc|iPhone.Deploy.0 = Release|Any CPU
		{E150C103-D9F3-44AB-BCB2-016F63E9B1EF}.Ad-Hoc|iPhoneSimulator.ActiveCfg = Release|Any CPU
		{E150C103-D9F3-44AB-BCB2-016F63E9B1EF}.Ad-Hoc|iPhoneSimulator.Build.0 = Release|Any CPU
		{E150C103-D9F3-44AB-BCB2-016F63E9B1EF}.Ad-Hoc|iPhoneSimulator.Deploy.0 = Release|Any CPU
		{E150C103-D9F3-44AB-BCB2-016F63E9B1EF}.AppStore|Any CPU.ActiveCfg = Release|Any CPU
		{E150C103-D9F3-44AB-BCB2-016F63E9B1EF}.AppStore|Any CPU.Build.0 = Release|Any CPU
		{E150C103-D9F3-44AB-BCB2-016F63E9B1EF}.AppStore|Any CPU.Deploy.0 = Release|Any CPU
		{E150C103-D9F3-44AB-BCB2-016F63E9B1EF}.AppStore|iPhone.ActiveCfg = Release|Any CPU
		{E150C103-D9F3-44AB-BCB2-016F63E9B1EF}.AppStore|iPhone.Build.0 = Release|Any CPU
		{E150C103-D9F3-44AB-BCB2-016F63E9B1EF}.AppStore|iPhone.Deploy.0 = Release|Any CPU
		{E150C103-D9F3-44AB-BCB2-016F63E9B1EF}.AppStore|iPhoneSimulator.ActiveCfg = Release|Any CPU
		{E150C103-D9F3-44AB-BCB2-016F63E9B1EF}.AppStore|iPhoneSimulator.Build.0 = Release|Any CPU
		{E150C103-D9F3-44AB-BCB2-016F63E9B1EF}.AppStore|iPhoneSimulator.Deploy.0 = Release|Any CPU
		{E150C103-D9F3-44AB-BCB2-016F63E9B1EF}.Debug|Any CPU.ActiveCfg = Debug|Any CPU
		{E150C103-D9F3-44AB-BCB2-016F63E9B1EF}.Debug|Any CPU.Build.0 = Debug|Any CPU
		{E150C103-D9F3-44AB-BCB2-016F63E9B1EF}.Debug|Any CPU.Deploy.0 = Debug|Any CPU
		{E150C103-D9F3-44AB-BCB2-016F63E9B1EF}.Debug|iPhone.ActiveCfg = Debug|Any CPU
		{E150C103-D9F3-44AB-BCB2-016F63E9B1EF}.Debug|iPhone.Build.0 = Debug|Any CPU
		{E150C103-D9F3-44AB-BCB2-016F63E9B1EF}.Debug|iPhone.Deploy.0 = Debug|Any CPU
		{E150C103-D9F3-44AB-BCB2-016F63E9B1EF}.Debug|iPhoneSimulator.ActiveCfg = Debug|Any CPU
		{E150C103-D9F3-44AB-BCB2-016F63E9B1EF}.Debug|iPhoneSimulator.Build.0 = Debug|Any CPU
		{E150C103-D9F3-44AB-BCB2-016F63E9B1EF}.Debug|iPhoneSimulator.Deploy.0 = Debug|Any CPU
		{E150C103-D9F3-44AB-BCB2-016F63E9B1EF}.Release|Any CPU.ActiveCfg = Release|Any CPU
		{E150C103-D9F3-44AB-BCB2-016F63E9B1EF}.Release|Any CPU.Build.0 = Release|Any CPU
		{E150C103-D9F3-44AB-BCB2-016F63E9B1EF}.Release|Any CPU.Deploy.0 = Release|Any CPU
		{E150C103-D9F3-44AB-BCB2-016F63E9B1EF}.Release|iPhone.ActiveCfg = Release|Any CPU
		{E150C103-D9F3-44AB-BCB2-016F63E9B1EF}.Release|iPhone.Build.0 = Release|Any CPU
		{E150C103-D9F3-44AB-BCB2-016F63E9B1EF}.Release|iPhone.Deploy.0 = Release|Any CPU
		{E150C103-D9F3-44AB-BCB2-016F63E9B1EF}.Release|iPhoneSimulator.ActiveCfg = Release|Any CPU
		{E150C103-D9F3-44AB-BCB2-016F63E9B1EF}.Release|iPhoneSimulator.Build.0 = Release|Any CPU
		{E150C103-D9F3-44AB-BCB2-016F63E9B1EF}.Release|iPhoneSimulator.Deploy.0 = Release|Any CPU
		{BBE9E291-BAAB-4037-929D-A451CE5ED099}.Ad-Hoc|Any CPU.ActiveCfg = Ad-Hoc|iPhone
		{BBE9E291-BAAB-4037-929D-A451CE5ED099}.Ad-Hoc|iPhone.ActiveCfg = Ad-Hoc|iPhone
		{BBE9E291-BAAB-4037-929D-A451CE5ED099}.Ad-Hoc|iPhone.Build.0 = Ad-Hoc|iPhone
		{BBE9E291-BAAB-4037-929D-A451CE5ED099}.Ad-Hoc|iPhoneSimulator.ActiveCfg = Ad-Hoc|iPhoneSimulator
		{BBE9E291-BAAB-4037-929D-A451CE5ED099}.Ad-Hoc|iPhoneSimulator.Build.0 = Ad-Hoc|iPhoneSimulator
		{BBE9E291-BAAB-4037-929D-A451CE5ED099}.AppStore|Any CPU.ActiveCfg = AppStore|iPhone
		{BBE9E291-BAAB-4037-929D-A451CE5ED099}.AppStore|iPhone.ActiveCfg = AppStore|iPhone
		{BBE9E291-BAAB-4037-929D-A451CE5ED099}.AppStore|iPhone.Build.0 = AppStore|iPhone
		{BBE9E291-BAAB-4037-929D-A451CE5ED099}.AppStore|iPhoneSimulator.ActiveCfg = AppStore|iPhoneSimulator
		{BBE9E291-BAAB-4037-929D-A451CE5ED099}.AppStore|iPhoneSimulator.Build.0 = AppStore|iPhoneSimulator
		{BBE9E291-BAAB-4037-929D-A451CE5ED099}.Debug|Any CPU.ActiveCfg = Debug|iPhone
		{BBE9E291-BAAB-4037-929D-A451CE5ED099}.Debug|iPhone.ActiveCfg = Debug|iPhone
		{BBE9E291-BAAB-4037-929D-A451CE5ED099}.Debug|iPhone.Build.0 = Debug|iPhone
		{BBE9E291-BAAB-4037-929D-A451CE5ED099}.Debug|iPhoneSimulator.ActiveCfg = Debug|iPhoneSimulator
		{BBE9E291-BAAB-4037-929D-A451CE5ED099}.Debug|iPhoneSimulator.Build.0 = Debug|iPhoneSimulator
		{BBE9E291-BAAB-4037-929D-A451CE5ED099}.Release|Any CPU.ActiveCfg = Release|iPhone
		{BBE9E291-BAAB-4037-929D-A451CE5ED099}.Release|iPhone.ActiveCfg = Release|iPhone
		{BBE9E291-BAAB-4037-929D-A451CE5ED099}.Release|iPhone.Build.0 = Release|iPhone
		{BBE9E291-BAAB-4037-929D-A451CE5ED099}.Release|iPhoneSimulator.ActiveCfg = Release|iPhoneSimulator
		{BBE9E291-BAAB-4037-929D-A451CE5ED099}.Release|iPhoneSimulator.Build.0 = Release|iPhoneSimulator
		{FA694916-0BCE-4762-8552-9F4059A8BE82}.Ad-Hoc|Any CPU.ActiveCfg = Release|Any CPU
		{FA694916-0BCE-4762-8552-9F4059A8BE82}.Ad-Hoc|Any CPU.Build.0 = Release|Any CPU
		{FA694916-0BCE-4762-8552-9F4059A8BE82}.Ad-Hoc|iPhone.ActiveCfg = Release|Any CPU
		{FA694916-0BCE-4762-8552-9F4059A8BE82}.Ad-Hoc|iPhone.Build.0 = Release|Any CPU
		{FA694916-0BCE-4762-8552-9F4059A8BE82}.Ad-Hoc|iPhoneSimulator.ActiveCfg = Release|Any CPU
		{FA694916-0BCE-4762-8552-9F4059A8BE82}.Ad-Hoc|iPhoneSimulator.Build.0 = Release|Any CPU
		{FA694916-0BCE-4762-8552-9F4059A8BE82}.AppStore|Any CPU.ActiveCfg = Release|Any CPU
		{FA694916-0BCE-4762-8552-9F4059A8BE82}.AppStore|Any CPU.Build.0 = Release|Any CPU
		{FA694916-0BCE-4762-8552-9F4059A8BE82}.AppStore|iPhone.ActiveCfg = Release|Any CPU
		{FA694916-0BCE-4762-8552-9F4059A8BE82}.AppStore|iPhone.Build.0 = Release|Any CPU
		{FA694916-0BCE-4762-8552-9F4059A8BE82}.AppStore|iPhoneSimulator.ActiveCfg = Release|Any CPU
		{FA694916-0BCE-4762-8552-9F4059A8BE82}.AppStore|iPhoneSimulator.Build.0 = Release|Any CPU
		{FA694916-0BCE-4762-8552-9F4059A8BE82}.Debug|Any CPU.ActiveCfg = Debug|Any CPU
		{FA694916-0BCE-4762-8552-9F4059A8BE82}.Debug|Any CPU.Build.0 = Debug|Any CPU
		{FA694916-0BCE-4762-8552-9F4059A8BE82}.Debug|iPhone.ActiveCfg = Debug|Any CPU
		{FA694916-0BCE-4762-8552-9F4059A8BE82}.Debug|iPhone.Build.0 = Debug|Any CPU
		{FA694916-0BCE-4762-8552-9F4059A8BE82}.Debug|iPhoneSimulator.ActiveCfg = Debug|Any CPU
		{FA694916-0BCE-4762-8552-9F4059A8BE82}.Debug|iPhoneSimulator.Build.0 = Debug|Any CPU
		{FA694916-0BCE-4762-8552-9F4059A8BE82}.Release|Any CPU.ActiveCfg = Release|Any CPU
		{FA694916-0BCE-4762-8552-9F4059A8BE82}.Release|Any CPU.Build.0 = Release|Any CPU
		{FA694916-0BCE-4762-8552-9F4059A8BE82}.Release|iPhone.ActiveCfg = Release|Any CPU
		{FA694916-0BCE-4762-8552-9F4059A8BE82}.Release|iPhone.Build.0 = Release|Any CPU
		{FA694916-0BCE-4762-8552-9F4059A8BE82}.Release|iPhoneSimulator.ActiveCfg = Release|Any CPU
		{FA694916-0BCE-4762-8552-9F4059A8BE82}.Release|iPhoneSimulator.Build.0 = Release|Any CPU
	EndGlobalSection
	GlobalSection(SolutionProperties) = preSolution
		HideSolutionNode = FALSE
	EndGlobalSection
	GlobalSection(ExtensibilityGlobals) = postSolution
		SolutionGuid = {CD23C485-6E10-49A2-B849-1F17BB87E5B8}
	EndGlobalSection
EndGlobal
